{
  "originHash" : "7e126f4c4a05c557f14e168a7d0295336190bbabf10b46563ed5ab5bbbf7a0b5",
  "pins" : [
    {
      "identity" : "bzip2",
      "kind" : "remoteSourceControl",
      "location" : "https://github.com/Deplorean/bzip2.git",
      "state" : {
        "branch" : "main",
        "revision" : "5af952948475d1a4c69af94ac6467d72c7830699"
      }
    },
    {
      "identity" : "sljit",
      "kind" : "remoteSourceControl",
      "location" : "https://github.com/Deplorean/sljit.git",
      "state" : {
        "branch" : "main",
        "revision" : "19e8bc254020897f316ed171d0bd886bc9ab85b1"
      }
    },
    {
      "identity" : "z",
      "kind" : "remoteSourceControl",
      "location" : "https://github.com/Deplorean/z.git",
      "state" : {
        "branch" : "main",
        "revision" : "e79fd1154a97533bd77f5968758b13c94fd89a31"
      }
    }
  ],
  "version" : 3
}
