{
  "originHash" : "5657207f312856e6ec47ddc80021827447422fe6bd306673009034f6092d080b",
  "pins" : [
    {
      "identity" : "bzip2",
      "kind" : "remoteSourceControl",
      "location" : "https://github.com/Deplorean/bzip2.git",
      "state" : {
        "revision" : "9101b8c4429320e79efe5da9d7081df567e0634f",
        "version" : "1.0.8"
      }
    },
    {
      "identity" : "z",
      "kind" : "remoteSourceControl",
      "location" : "https://github.com/Deplorean/z.git",
      "state" : {
        "revision" : "2504cd7ac5249277445f12af1492e9cbdc3da1f0",
        "version" : "1.3.1"
      }
    }
  ],
  "version" : 3
}
