{
  "originHash" : "f449edf9e9fa1a4abf35b366e99d514f0558b1402733e9a84db30735b5005137",
  "pins" : [
    {
      "identity" : "bzip2",
      "kind" : "remoteSourceControl",
      "location" : "https://github.com/Deplorean/bzip2.git",
      "state" : {
        "branch" : "main",
        "revision" : "5af952948475d1a4c69af94ac6467d72c7830699"
      }
    },
    {
      "identity" : "sljit",
      "kind" : "remoteSourceControl",
      "location" : "https://github.com/Deplorean/sljit.git",
      "state" : {
        "branch" : "main",
        "revision" : "b61c4da777f73b3540282ae1ef136a2b2ba88bcc"
      }
    },
    {
      "identity" : "z",
      "kind" : "remoteSourceControl",
      "location" : "https://github.com/Deplorean/z.git",
      "state" : {
        "branch" : "main",
        "revision" : "e79fd1154a97533bd77f5968758b13c94fd89a31"
      }
    }
  ],
  "version" : 3
}
